
Microsoft Visual Studio Solution File, Format Version 12.00
# Visual Studio Version 16
VisualStudioVersion = 16.0.30413.136
MinimumVisualStudioVersion = 10.0.40219.1
Project("{9A19103F-16F7-4668-BE54-9A1E7A4F7556}") = "Algoritmo Dijkstra", "Algoritmo Dijkstra\Algoritmo Dijkstra.csproj", "{1BE11EC4-0198-4FFE-B39C-6668F55F8C93}"
EndProject
Project("{2150E333-8FDC-42A3-9474-1A3956D46DE8}") = "Solution Items", "Solution Items", "{D00A2B2F-754C-4C73-9B18-0336AAED6694}"
	ProjectSection(SolutionItems) = preProject
		.editorconfig = .editorconfig
	EndProjectSection
EndProject
Global
	GlobalSection(SolutionConfigurationPlatforms) = preSolution
		Debug|Any CPU = Debug|Any CPU
		Release|Any CPU = Release|Any CPU
	EndGlobalSection
	GlobalSection(ProjectConfigurationPlatforms) = postSolution
		{1BE11EC4-0198-4FFE-B39C-6668F55F8C93}.Debug|Any CPU.ActiveCfg = Debug|Any CPU
		{1BE11EC4-0198-4FFE-B39C-6668F55F8C93}.Debug|Any CPU.Build.0 = Debug|Any CPU
		{1BE11EC4-0198-4FFE-B39C-6668F55F8C93}.Release|Any CPU.ActiveCfg = Release|Any CPU
		{1BE11EC4-0198-4FFE-B39C-6668F55F8C93}.Release|Any CPU.Build.0 = Release|Any CPU
	EndGlobalSection
	GlobalSection(SolutionProperties) = preSolution
		HideSolutionNode = FALSE
	EndGlobalSection
	GlobalSection(ExtensibilityGlobals) = postSolution
		SolutionGuid = {525175F7-A092-42CD-A830-09BFE59933E2}
	EndGlobalSection
EndGlobal
